{
  "name": "safe-field-tp4-simulation",
  "lockfileVersion": 3,
  "requires": true,
  "packages": {
    "": {
      "name": "safe-field-tp4-simulation",
      "dependencies": {
        "@veriflow/iverilog-wasm": "0.1.4"
      }
    },
    "node_modules/@veriflow/iverilog-wasm": {
      "version": "0.1.4",
      "resolved": "https://registry.npmjs.org/@veriflow/iverilog-wasm/-/iverilog-wasm-0.1.4.tgz",
      "integrity": "sha512-pMcYia5h6iuiGx97si7xf1aUyMaBU1H1DIlvGVTbUH5QMcFRaVfy44/K04tHV7yX3ig5Jn9KRcuBBDTamWcAuQ==",
      "license": "GPL-2.0-or-later",
      "engines": {
        "node": ">=18.15.0"
      }
    }
  }
}
